
Microsoft Visual Studio Solution File, Format Version 12.00
Project("{FAE04EC0-301F-11D3-BF4B-00C04F79EFBC}") = "BarBestellSystem", "BarBestellSystem\BarBestellSystem.csproj", "{2D06F26B-5FE2-4F9C-9461-293D39584A60}"
EndProject
Project("{FAE04EC0-301F-11D3-BF4B-00C04F79EFBC}") = "Application", "Application\Application.csproj", "{08B01222-FCFA-4998-B50E-0BA3DD518C3A}"
EndProject
Project("{FAE04EC0-301F-11D3-BF4B-00C04F79EFBC}") = "EFCoreDatabaseBuilder", "EFCoreDatabaseBuilder\EFCoreDatabaseBuilder.csproj", "{47446F88-B50D-4009-8972-ED70D5BBC3AD}"
EndProject
Global
	GlobalSection(SolutionConfigurationPlatforms) = preSolution
		Debug|Any CPU = Debug|Any CPU
		Release|Any CPU = Release|Any CPU
	EndGlobalSection
	GlobalSection(ProjectConfigurationPlatforms) = postSolution
		{2D06F26B-5FE2-4F9C-9461-293D39584A60}.Debug|Any CPU.ActiveCfg = Debug|Any CPU
		{2D06F26B-5FE2-4F9C-9461-293D39584A60}.Debug|Any CPU.Build.0 = Debug|Any CPU
		{2D06F26B-5FE2-4F9C-9461-293D39584A60}.Release|Any CPU.ActiveCfg = Release|Any CPU
		{2D06F26B-5FE2-4F9C-9461-293D39584A60}.Release|Any CPU.Build.0 = Release|Any CPU
		{08B01222-FCFA-4998-B50E-0BA3DD518C3A}.Debug|Any CPU.ActiveCfg = Debug|Any CPU
		{08B01222-FCFA-4998-B50E-0BA3DD518C3A}.Debug|Any CPU.Build.0 = Debug|Any CPU
		{08B01222-FCFA-4998-B50E-0BA3DD518C3A}.Release|Any CPU.ActiveCfg = Release|Any CPU
		{08B01222-FCFA-4998-B50E-0BA3DD518C3A}.Release|Any CPU.Build.0 = Release|Any CPU
		{47446F88-B50D-4009-8972-ED70D5BBC3AD}.Debug|Any CPU.ActiveCfg = Debug|Any CPU
		{47446F88-B50D-4009-8972-ED70D5BBC3AD}.Debug|Any CPU.Build.0 = Debug|Any CPU
		{47446F88-B50D-4009-8972-ED70D5BBC3AD}.Release|Any CPU.ActiveCfg = Release|Any CPU
		{47446F88-B50D-4009-8972-ED70D5BBC3AD}.Release|Any CPU.Build.0 = Release|Any CPU
	EndGlobalSection
EndGlobal
